<?xml version="1.0" encoding="utf-8"?>
<Project ToolsVersion="4.0" xmlns="http://schemas.microsoft.com/developer/msbuild/2003">
  <ItemGroup>
    <ClInclude Include="PreCompile.h" />
    <ClInclude Include="GameEngineWindow.h" />
    <ClInclude Include="GameEngineImage.h" />
    <ClInclude Include="GameEngineImageManager.h" />
    <ClInclude Include="GameEngineInput.h" />
    <ClInclude Include="GameEngineLevel.h" />
    <ClInclude Include="GameEngineLevelManager.h" />
    <ClInclude Include="GameEngineActor.h" />
    <ClInclude Include="GameEngineRenderer.h" />
    <ClInclude Include="GameEngineCollisionBody.h" />
    <ClInclude Include="GameEngineEnum.h" />
  </ItemGroup>
  <ItemGroup>
    <ClCompile Include="PreCompile.cpp" />
    <ClCompile Include="GameEngineWindow.cpp" />
    <ClCompile Include="GameEngineImage.cpp" />
    <ClCompile Include="GameEngineImageManager.cpp" />
    <ClCompile Include="GameEngineInput.cpp" />
    <ClCompile Include="GameEngineLevel.cpp" />
    <ClCompile Include="GameEngineLevelManager.cpp" />
    <ClCompile Include="GameEngineActor.cpp" />
    <ClCompile Include="GameEngineRenderer.cpp" />
    <ClCompile Include="GameEngineCollisionBody.cpp" />
  </ItemGroup>
</Project>